
Microsoft Visual Studio Solution File, Format Version 12.00
# Visual Studio 15
VisualStudioVersion = 15.0.27703.2042
MinimumVisualStudioVersion = 10.0.40219.1
Project("{FAE04EC0-301F-11D3-BF4B-00C04F79EFBC}") = "BatchGrab", "BatchGrab\BatchGrab.csproj", "{60DA1FC7-2D39-475D-83B4-6720390EE3F3}"
EndProject
Global
	GlobalSection(SolutionConfigurationPlatforms) = preSolution
		Debug|Any CPU = Debug|Any CPU
		Release|Any CPU = Release|Any CPU
	EndGlobalSection
	GlobalSection(ProjectConfigurationPlatforms) = postSolution
		{60DA1FC7-2D39-475D-83B4-6720390EE3F3}.Debug|Any CPU.ActiveCfg = Debug|Any CPU
		{60DA1FC7-2D39-475D-83B4-6720390EE3F3}.Debug|Any CPU.Build.0 = Debug|Any CPU
		{60DA1FC7-2D39-475D-83B4-6720390EE3F3}.Release|Any CPU.ActiveCfg = Release|Any CPU
		{60DA1FC7-2D39-475D-83B4-6720390EE3F3}.Release|Any CPU.Build.0 = Release|Any CPU
	EndGlobalSection
	GlobalSection(SolutionProperties) = preSolution
		HideSolutionNode = FALSE
	EndGlobalSection
	GlobalSection(ExtensibilityGlobals) = postSolution
		SolutionGuid = {55AFB8E2-C11E-42E4-9AE9-D6E8CE7CDD4E}
	EndGlobalSection
EndGlobal
